// !$*UTF8*$!
{
	archiveVersion = 1;
	classes = {
	};
	objectVersion = 46;
	objects = {

/* Begin PBXBuildFile section */
		E6030EA71D7EE6A4000F66FA /* main.m in Sources */ = {isa = PBXBuildFile; fileRef = E6030EA61D7EE6A4000F66FA /* main.m */; };
		E6030EAA1D7EE6A4000F66FA /* AppDelegate.m in Sources */ = {isa = PBXBuildFile; fileRef = E6030EA91D7EE6A4000F66FA /* AppDelegate.m */; };
		E6030EAD1D7EE6A4000F66FA /* ViewController.m in Sources */ = {isa = PBXBuildFile; fileRef = E6030EAC1D7EE6A4000F66FA /* ViewController.m */; };
		E6030EB01D7EE6A5000F66FA /* Main.storyboard in Resources */ = {isa = PBXBuildFile; fileRef = E6030EAE1D7EE6A5000F66FA /* Main.storyboard */; };
		E6030EB51D7EE6A5000F66FA /* LaunchScreen.storyboard in Resources */ = {isa = PBXBuildFile; fileRef = E6030EB31D7EE6A5000F66FA /* LaunchScreen.storyboard */; };
		E6030EBD1D7EE72C000F66FA /* cars_total.plist in Resources */ = {isa = PBXBuildFile; fileRef = E6030EBC1D7EE72C000F66FA /* cars_total.plist */; };
/* End PBXBuildFile section */

/* Begin PBXFileReference section */
		E6030EA21D7EE6A4000F66FA /* carBrandsList.app */ = {isa = PBXFileReference; explicitFileType = wrapper.application; includeInIndex = 0; path = carBrandsList.app; sourceTree = BUILT_PRODUCTS_DIR; };
		E6030EA61D7EE6A4000F66FA /* main.m */ = {isa = PBXFileReference; lastKnownFileType = sourcecode.c.objc; path = main.m; sourceTree = "<group>"; };
		E6030EA81D7EE6A4000F66FA /* AppDelegate.h */ = {isa = PBXFileReference; lastKnownFileType = sourcecode.c.h; path = AppDelegate.h; sourceTree = "<group>"; };
		E6030EA91D7EE6A4000F66FA /* AppDelegate.m */ = {isa = PBXFileReference; lastKnownFileType = sourcecode.c.objc; path = AppDelegate.m; sourceTree = "<group>"; };
		E6030EAB1D7EE6A4000F66FA /* ViewController.h */ = {isa = PBXFileReference; lastKnownFileType = sourcecode.c.h; path = ViewController.h; sourceTree = "<group>"; };
		E6030EAC1D7EE6A4000F66FA /* ViewController.m */ = {isa = PBXFileReference; lastKnownFileType = sourcecode.c.objc; path = ViewController.m; sourceTree = "<group>"; };
		E6030EAF1D7EE6A5000F66FA /* Base */ = {isa = PBXFileReference; lastKnownFileType = file.storyboard; name = Base; path = Base.lproj/Main.storyboard; sourceTree = "<group>"; };
		E6030EB41D7EE6A5000F66FA /* Base */ = {isa = PBXFileReference; lastKnownFileType = file.storyboard; name = Base; path = Base.lproj/LaunchScreen.storyboard; sourceTree = "<group>"; };
		E6030EB61D7EE6A5000F66FA /* Info.plist */ = {isa = PBXFileReference; lastKnownFileType = text.plist.xml; path = Info.plist; sourceTree = "<group>"; };
		E6030EBC1D7EE72C000F66FA /* cars_total.plist */ = {isa = PBXFileReference; fileEncoding = 4; lastKnownFileType = text.plist.xml; path = cars_total.plist; sourceTree = "<group>"; };
/* End PBXFileReference section */

/* Begin PBXFrameworksBuildPhase section */
		E6030E9F1D7EE6A4000F66FA /* Frameworks */ = {
			isa = PBXFrameworksBuildPhase;
			buildActionMask = 2147483647;
			files = (
			);
			runOnlyForDeploymentPostprocessing = 0;
		};
/* End PBXFrameworksBuildPhase section */

/* Begin PBXGroup section */
		E6030E991D7EE6A4000F66FA = {
			isa = PBXGroup;
			children = (
				E6030EA41D7EE6A4000F66FA /* carBrandsList */,
				E6030EA31D7EE6A4000F66FA /* Products */,
			);
			sourceTree = "<group>";
		};
		E6030EA31D7EE6A4000F66FA /* Products */ = {
			isa = PBXGroup;
			children = (
				E6030EA21D7EE6A4000F66FA /* carBrandsList.app */,
			);
			name = Products;
			sourceTree = "<group>";
		};
		E6030EA41D7EE6A4000F66FA /* carBrandsList */ = {
			isa = PBXGroup;
			children = (
				E6030EA81D7EE6A4000F66FA /* AppDelegate.h */,
				E6030EA91D7EE6A4000F66FA /* AppDelegate.m */,
				E6030EAB1D7EE6A4000F66FA /* ViewController.h */,
				E6030EAC1D7EE6A4000F66FA /* ViewController.m */,
				E6030EAE1D7EE6A5000F66FA /* Main.storyboard */,
				E6030EB31D7EE6A5000F66FA /* LaunchScreen.storyboard */,
				E6030EB61D7EE6A5000F66FA /* Info.plist */,
				E6030EA51D7EE6A4000F66FA /* Supporting Files */,
			);
			path = carBrandsList;
			sourceTree = "<group>";
		};
		E6030EA51D7EE6A4000F66FA /* Supporting Files */ = {
			isa = PBXGroup;
			children = (
				E6030EA61D7EE6A4000F66FA /* main.m */,
				E6030EBC1D7EE72C000F66FA /* cars_total.plist */,
			);
			name = "Supporting Files";
			sourceTree = "<group>";
		};
/* End PBXGroup section */

/* Begin PBXNativeTarget section */
		E6030EA11D7EE6A4000F66FA /* carBrandsList */ = {
			isa = PBXNativeTarget;
			buildConfigurationList = E6030EB91D7EE6A5000F66FA /* Build configuration list for PBXNativeTarget "carBrandsList" */;
			buildPhases = (
				E6030E9E1D7EE6A4000F66FA /* Sources */,
				E6030E9F1D7EE6A4000F66FA /* Frameworks */,
				E6030EA01D7EE6A4000F66FA /* Resources */,
			);
			buildRules = (
			);
			dependencies = (
			);
			name = carBrandsList;
			productName = carBrandsList;
			productReference = E6030EA21D7EE6A4000F66FA /* carBrandsList.app */;
			productType = "com.apple.product-type.application";
		};
/* End PBXNativeTarget section */

/* Begin PBXProject section */
		E6030E9A1D7EE6A4000F66FA /* Project object */ = {
			isa = PBXProject;
			attributes = {
				LastUpgradeCheck = 0730;
				ORGANIZATIONNAME = " chenhanmao";
				TargetAttributes = {
					E6030EA11D7EE6A4000F66FA = {
						CreatedOnToolsVersion = 7.3.1;
					};
				};
			};
			buildConfigurationList = E6030E9D1D7EE6A4000F66FA /* Build configuration list for PBXProject "carBrandsList" */;
			compatibilityVersion = "Xcode 3.2";
			developmentRegion = English;
			hasScannedForEncodings = 0;
			knownRegions = (
				en,
				Base,
			);
			mainGroup = E6030E991D7EE6A4000F66FA;
			productRefGroup = E6030EA31D7EE6A4000F66FA /* Products */;
			projectDirPath = "";
			projectRoot = "";
			targets = (
				E6030EA11D7EE6A4000F66FA /* carBrandsList */,
			);
		};
/* End PBXProject section */

/* Begin PBXResourcesBuildPhase section */
		E6030EA01D7EE6A4000F66FA /* Resources */ = {
			isa = PBXResourcesBuildPhase;
			buildActionMask = 2147483647;
			files = (
				E6030EB51D7EE6A5000F66FA /* LaunchScreen.storyboard in Resources */,
				E6030EB01D7EE6A5000F66FA /* Main.storyboard in Resources */,
				E6030EBD1D7EE72C000F66FA /* cars_total.plist in Resources */,
			);
			runOnlyForDeploymentPostprocessing = 0;
		};
/* End PBXResourcesBuildPhase section */

/* Begin PBXSourcesBuildPhase section */
		E6030E9E1D7EE6A4000F66FA /* Sources */ = {
			isa = PBXSourcesBuildPhase;
			buildActionMask = 2147483647;
			files = (
				E6030EAD1D7EE6A4000F66FA /* ViewController.m in Sources */,
				E6030EAA1D7EE6A4000F66FA /* AppDelegate.m in Sources */,
				E6030EA71D7EE6A4000F66FA /* main.m in Sources */,
			);
			runOnlyForDeploymentPostprocessing = 0;
		};
/* End PBXSourcesBuildPhase section */

/* Begin PBXVariantGroup section */
		E6030EAE1D7EE6A5000F66FA /* Main.storyboard */ = {
			isa = PBXVariantGroup;
			children = (
				E6030EAF1D7EE6A5000F66FA /* Base */,
			);
			name = Main.storyboard;
			sourceTree = "<group>";
		};
		E6030EB31D7EE6A5000F66FA /* LaunchScreen.storyboard */ = {
			isa = PBXVariantGroup;
			children = (
				E6030EB41D7EE6A5000F66FA /* Base */,
			);
			name = LaunchScreen.storyboard;
			sourceTree = "<group>";
		};
/* End PBXVariantGroup section */

/* Begin XCBuildConfiguration section */
		E6030EB71D7EE6A5000F66FA /* Debug */ = {
			isa = XCBuildConfiguration;
			buildSettings = {
				ALWAYS_SEARCH_USER_PATHS = NO;
				CLANG_ANALYZER_NONNULL = YES;
				CLANG_CXX_LANGUAGE_STANDARD = "gnu++0x";
				CLANG_CXX_LIBRARY = "libc++";
				CLANG_ENABLE_MODULES = YES;
				CLANG_ENABLE_OBJC_ARC = YES;
				CLANG_WARN_BOOL_CONVERSION = YES;
				CLANG_WARN_CONSTANT_CONVERSION = YES;
				CLANG_WARN_DIRECT_OBJC_ISA_USAGE = YES_ERROR;
				CLANG_WARN_EMPTY_BODY = YES;
				CLANG_WARN_ENUM_CONVERSION = YES;
				CLANG_WARN_INT_CONVERSION = YES;
				CLANG_WARN_OBJC_ROOT_CLASS = YES_ERROR;
				CLANG_WARN_UNREACHABLE_CODE = YES;
				CLANG_WARN__DUPLICATE_METHOD_MATCH = YES;
				"CODE_SIGN_IDENTITY[sdk=iphoneos*]" = "iPhone Developer";
				COPY_PHASE_STRIP = NO;
				DEBUG_INFORMATION_FORMAT = dwarf;
				ENABLE_STRICT_OBJC_MSGSEND = YES;
				ENABLE_TESTABILITY = YES;
				GCC_C_LANGUAGE_STANDARD = gnu99;
				GCC_DYNAMIC_NO_PIC = NO;
				GCC_NO_COMMON_BLOCKS = YES;
				GCC_OPTIMIZATION_LEVEL = 0;
				GCC_PREPROCESSOR_DEFINITIONS = (
					"DEBUG=1",
					"$(inherited)",
				);
				GCC_WARN_64_TO_32_BIT_CONVERSION = YES;
				GCC_WARN_ABOUT_RETURN_TYPE = YES_ERROR;
				GCC_WARN_UNDECLARED_SELECTOR = YES;
				GCC_WARN_UNINITIALIZED_AUTOS = YES_AGGRESSIVE;
				GCC_WARN_UNUSED_FUNCTION = YES;
				GCC_WARN_UNUSED_VARIABLE = YES;
				IPHONEOS_DEPLOYMENT_TARGET = 9.3;
				MTL_ENABLE_DEBUG_INFO = YES;
				ONLY_ACTIVE_ARCH = YES;
				SDKROOT = iphoneos;
			};
			name = Debug;
		};
		E6030EB81D7EE6A5000F66FA /* Release */ = {
			isa = XCBuildConfiguration;
			buildSettings = {
				ALWAYS_SEARCH_USER_PATHS = NO;
				CLANG_ANALYZER_NONNULL = YES;
				CLANG_CXX_LANGUAGE_STANDARD = "gnu++0x";
				CLANG_CXX_LIBRARY = "libc++";
				CLANG_ENABLE_MODULES = YES;
				CLANG_ENABLE_OBJC_ARC = YES;
				CLANG_WARN_BOOL_CONVERSION = YES;
				CLANG_WARN_CONSTANT_CONVERSION = YES;
				CLANG_WARN_DIRECT_OBJC_ISA_USAGE = YES_ERROR;
				CLANG_WARN_EMPTY_BODY = YES;
				CLANG_WARN_ENUM_CONVERSION = YES;
				CLANG_WARN_INT_CONVERSION = YES;
				CLANG_WARN_OBJC_ROOT_CLASS = YES_ERROR;
				CLANG_WARN_UNREACHABLE_CODE = YES;
				CLANG_WARN__DUPLICATE_METHOD_MATCH = YES;
				"CODE_SIGN_IDENTITY[sdk=iphoneos*]" = "iPhone Developer";
				COPY_PHASE_STRIP = NO;
				DEBUG_INFORMATION_FORMAT = "dwarf-with-dsym";
				ENABLE_NS_ASSERTIONS = NO;
				ENABLE_STRICT_OBJC_MSGSEND = YES;
				GCC_C_LANGUAGE_STANDARD = gnu99;
				GCC_NO_COMMON_BLOCKS = YES;
				GCC_WARN_64_TO_32_BIT_CONVERSION = YES;
				GCC_WARN_ABOUT_RETURN_TYPE = YES_ERROR;
				GCC_WARN_UNDECLARED_SELECTOR = YES;
				GCC_WARN_UNINITIALIZED_AUTOS = YES_AGGRESSIVE;
				GCC_WARN_UNUSED_FUNCTION = YES;
				GCC_WARN_UNUSED_VARIABLE = YES;
				IPHONEOS_DEPLOYMENT_TARGET = 9.3;
				MTL_ENABLE_DEBUG_INFO = NO;
				SDKROOT = iphoneos;
				VALIDATE_PRODUCT = YES;
			};
			name = Release;
		};
		E6030EBA1D7EE6A5000F66FA /* Debug */ = {
			isa = XCBuildConfiguration;
			buildSettings = {
				ASSETCATALOG_COMPILER_APPICON_NAME = AppIcon;
				INFOPLIST_FILE = carBrandsList/Info.plist;
				LD_RUNPATH_SEARCH_PATHS = "$(inherited) @executable_path/Frameworks";
				PRODUCT_BUNDLE_IDENTIFIER = com.hanmaoChen.carBrandsList;
				PRODUCT_NAME = "$(TARGET_NAME)";
			};
			name = Debug;
		};
		E6030EBB1D7EE6A5000F66FA /* Release */ = {
			isa = XCBuildConfiguration;
			buildSettings = {
				ASSETCATALOG_COMPILER_APPICON_NAME = AppIcon;
				INFOPLIST_FILE = carBrandsList/Info.plist;
				LD_RUNPATH_SEARCH_PATHS = "$(inherited) @executable_path/Frameworks";
				PRODUCT_BUNDLE_IDENTIFIER = com.hanmaoChen.carBrandsList;
				PRODUCT_NAME = "$(TARGET_NAME)";
			};
			name = Release;
		};
/* End XCBuildConfiguration section */

/* Begin XCConfigurationList section */
		E6030E9D1D7EE6A4000F66FA /* Build configuration list for PBXProject "carBrandsList" */ = {
			isa = XCConfigurationList;
			buildConfigurations = (
				E6030EB71D7EE6A5000F66FA /* Debug */,
				E6030EB81D7EE6A5000F66FA /* Release */,
			);
			defaultConfigurationIsVisible = 0;
			defaultConfigurationName = Release;
		};
		E6030EB91D7EE6A5000F66FA /* Build configuration list for PBXNativeTarget "carBrandsList" */ = {
			isa = XCConfigurationList;
			buildConfigurations = (
				E6030EBA1D7EE6A5000F66FA /* Debug */,
				E6030EBB1D7EE6A5000F66FA /* Release */,
			);
			defaultConfigurationIsVisible = 0;
		};
/* End XCConfigurationList section */
	};
	rootObject = E6030E9A1D7EE6A4000F66FA /* Project object */;
}
